
Microsoft Visual Studio Solution File, Format Version 12.00
# Visual Studio Version 16
VisualStudioVersion = 16.0.29215.179
MinimumVisualStudioVersion = 10.0.40219.1
Project("{FAE04EC0-301F-11D3-BF4B-00C04F79EFBC}") = "Training01", "Training01\Training01.csproj", "{4609C143-43F3-4A2F-8F0E-11B509B2736D}"
EndProject
Global
	GlobalSection(SolutionConfigurationPlatforms) = preSolution
		Debug|Any CPU = Debug|Any CPU
		Release|Any CPU = Release|Any CPU
	EndGlobalSection
	GlobalSection(ProjectConfigurationPlatforms) = postSolution
		{4609C143-43F3-4A2F-8F0E-11B509B2736D}.Debug|Any CPU.ActiveCfg = Debug|Any CPU
		{4609C143-43F3-4A2F-8F0E-11B509B2736D}.Debug|Any CPU.Build.0 = Debug|Any CPU
		{4609C143-43F3-4A2F-8F0E-11B509B2736D}.Release|Any CPU.ActiveCfg = Release|Any CPU
		{4609C143-43F3-4A2F-8F0E-11B509B2736D}.Release|Any CPU.Build.0 = Release|Any CPU
	EndGlobalSection
	GlobalSection(SolutionProperties) = preSolution
		HideSolutionNode = FALSE
	EndGlobalSection
	GlobalSection(ExtensibilityGlobals) = postSolution
		SolutionGuid = {ACFFE488-8E1B-4FC8-AE2A-6D5CBAE178D3}
	EndGlobalSection
EndGlobal
